PODS:
  - Expecta (1.0.3)
  - JRHostsFile (1.2.0)
  - Specta (1.0.4)

DEPENDENCIES:
  - Expecta
  - JRHostsFile (from `JRHostsFile.podspec`)
  - Specta

EXTERNAL SOURCES:
  JRHostsFile:
    :path: JRHostsFile.podspec

SPEC CHECKSUMS:
  Expecta: 9d1bff6c8b0eeee73a166a2ee898892478927a15
  JRHostsFile: 5c0a1c3e1d024c4d2738ce2746939217e672b06b
  Specta: 69bb134672aae190a1379ff91df07dad8dd1f869

COCOAPODS: 0.39.0
