PODS:
  - Expecta (1.0.3)
  - JRHostsFile (1.2.0)
  - Specta (1.0.4)

DEPENDENCIES:
  - Expecta
  - JRHostsFile (from `JRHostsFile.podspec`)
  - Specta

EXTERNAL SOURCES:
  JRHostsFile:
    :path: JRHostsFile.podspec

SPEC CHECKSUMS:
  Expecta: 9d1bff6c8b0eeee73a166a2ee898892478927a15
  JRHostsFile: bd43eb5a7715dd1b57b486f75b6380988a9ed6ac
  Specta: 69bb134672aae190a1379ff91df07dad8dd1f869

COCOAPODS: 0.39.0
